{
  "object": {
    "pins": [
      {
        "package": "Segment",
        "repositoryURL": "https://github.com/segmentio/analytics-ios.git",
        "state": {
          "branch": null,
          "revision": "187faa897c826fe0954124da116db3318242f7c3",
          "version": "4.1.4"
        }
      },
      {
        "package": "AppsFlyerLib",
        "repositoryURL": "https://github.com/AppsFlyerSDK/AppsFlyerFramework-Static.git",
        "state": {
          "branch": null,
          "revision": "c63df0cc73fe43885d27087beab5ea895b55e0b3",
          "version": "6.14.2"
        }
      }
    ]
  },
  "version": 1
}
